github.com/eclipse/paho.mqtt.golang v1.5.1 h1:/VSOv3oDLlpqR2Epjn1Q7b2bSTplJIeV2ISgCl2W7nE=
github.com/eclipse/paho.mqtt.golang v1.5.1/go.mod h1:1/yJCneuyOoCOzKSsOTUc0AJfpsItBGWvYpBLimhArU=
github.com/go-logr/logr v1.4.3 h1:CjnDlHq8ikf6E492q6eKboGOC0T8CDaOvkHCIg8idEI=
github.com/go-logr/logr v1.4.3/go.mod h1:9T104GzyrTigFIr8wt5mBrctHMim0Nb2HLGrmQ40KvY=
github.com/gorilla/websocket v1.5.3 h1:saDtZ6Pbx/0u+bgYQ3q96pZgCzfhKXGPqt7kZ72aNNg=
github.com/gorilla/websocket v1.5.3/go.mod h1:YR8l580nyteQvAITg2hZ9XVh4b55+EU/adAjf1fMHhE=
github.com/philipparndt/go-logger v1.0.0 h1:5khKl1q8q6FH74S1wF5KPl6DvdZnRdPKqKbBPQDr9P4=
github.com/philipparndt/go-logger v1.0.0/go.mod h1:4mWf8eNH82GhKl5byAFwXcux9WPNuaePaPaAFbgjHXg=
github.com/philipparndt/go-logger v1.10.0 h1:hPesqTgE94zwDG+vdzOKY+nwYYkNxZwR1i2eZ57TScY=
github.com/philipparndt/go-logger v1.10.0/go.mod h1:HHPgoelwYWzmntIkHqtJ/VvR6rOyHHMsJQFgA7MpEwQ=
github.com/philipparndt/mqtt-gateway v1.11.0 h1:9BzREn76XC77fjg3V4ltrlPaFLLkgOiQRSBCsZIOYQk=
github.com/philipparndt/mqtt-gateway v1.11.0/go.mod h1:HCJFPtKU79ISlepAVNPoibk4OIs8PqWoamHZp/40mcs=
github.com/sberk42/fritzbox_exporter v0.0.0-20240828163925-4ff6c1a79919 h1:FrXXqJDmFz+9lNrRTMjoZm34+szEQiagGO/CXdLu8Mw=
github.com/sberk42/fritzbox_exporter v0.0.0-20240828163925-4ff6c1a79919/go.mod h1:NfPGQ73gieQqzCbWeChPTouWbt/BloYFIfw8EbgebYE=
golang.org/x/net v0.44.0 h1:evd8IRDyfNBMBTTY5XRF1vaZlD+EmWx6x8PkhR04H/I=
golang.org/x/net v0.44.0/go.mod h1:ECOoLqd5U3Lhyeyo/QDCEVQ4sNgYsqvCZ722XogGieY=
golang.org/x/sync v0.17.0 h1:l60nONMj9l5drqw6jlhIELNv9I0A4OFgRsG9k2oT9Ug=
golang.org/x/sync v0.17.0/go.mod h1:9KTHXmSnoGruLpwFjVSX0lNNA75CykiMECbovNTZqGI=
k8s.io/klog/v2 v2.140.0 h1:Tf+J3AH7xnUzZyVVXhTgGhEKnFqye14aadWv7bzXdzc=
k8s.io/klog/v2 v2.140.0/go.mod h1:o+/RWfJ6PwpnFn7OyAG3QnO47BFsymfEfrz6XyYSSp0=
