github.com/eclipse/paho.mqtt.golang v1.5.1 h1:/VSOv3oDLlpqR2Epjn1Q7b2bSTplJIeV2ISgCl2W7nE=
github.com/eclipse/paho.mqtt.golang v1.5.1/go.mod h1:1/yJCneuyOoCOzKSsOTUc0AJfpsItBGWvYpBLimhArU=
github.com/gorilla/websocket v1.5.3 h1:saDtZ6Pbx/0u+bgYQ3q96pZgCzfhKXGPqt7kZ72aNNg=
github.com/gorilla/websocket v1.5.3/go.mod h1:YR8l580nyteQvAITg2hZ9XVh4b55+EU/adAjf1fMHhE=
github.com/philipparndt/go-logger v1.0.0 h1:5khKl1q8q6FH74S1wF5KPl6DvdZnRdPKqKbBPQDr9P4=
github.com/philipparndt/go-logger v1.0.0/go.mod h1:4mWf8eNH82GhKl5byAFwXcux9WPNuaePaPaAFbgjHXg=
github.com/philipparndt/mqtt-gateway v1.3.0 h1:QeJ0XIEnlzH4Qm7vqAQN3WTrI45UcPxlcQFcTrCXvn8=
github.com/philipparndt/mqtt-gateway v1.3.0/go.mod h1:N6LC57xFs/u41Xc5csPHTACm/00GyOyMgIC+oOqp32Y=
github.com/sberk42/fritzbox_exporter v0.0.0-20240828163925-4ff6c1a79919 h1:FrXXqJDmFz+9lNrRTMjoZm34+szEQiagGO/CXdLu8Mw=
github.com/sberk42/fritzbox_exporter v0.0.0-20240828163925-4ff6c1a79919/go.mod h1:NfPGQ73gieQqzCbWeChPTouWbt/BloYFIfw8EbgebYE=
golang.org/x/net v0.44.0 h1:evd8IRDyfNBMBTTY5XRF1vaZlD+EmWx6x8PkhR04H/I=
golang.org/x/net v0.44.0/go.mod h1:ECOoLqd5U3Lhyeyo/QDCEVQ4sNgYsqvCZ722XogGieY=
golang.org/x/sync v0.17.0 h1:l60nONMj9l5drqw6jlhIELNv9I0A4OFgRsG9k2oT9Ug=
golang.org/x/sync v0.17.0/go.mod h1:9KTHXmSnoGruLpwFjVSX0lNNA75CykiMECbovNTZqGI=
